// !$*UTF8*$!
{
	archiveVersion = 1;
	classes = {
	};
	objectVersion = 55;
	objects = {

/* Begin PBXBuildFile section */
		E30B128A28D087A300788DDB /* BasketViewController.swift in Sources */ = {isa = PBXBuildFile; fileRef = E30B128928D087A300788DDB /* BasketViewController.swift */; };
		E30B71E428D5E72100D2790D /* PayedOrNotVC.swift in Sources */ = {isa = PBXBuildFile; fileRef = E30B71E328D5E72100D2790D /* PayedOrNotVC.swift */; };
		E363B38128CE4413004EEEF7 /* NetworkService.swift in Sources */ = {isa = PBXBuildFile; fileRef = E363B38028CE4413004EEEF7 /* NetworkService.swift */; };
		E366CAC328CF130500DF1FAE /* ItemSelect+Extension.swift in Sources */ = {isa = PBXBuildFile; fileRef = E366CAC228CF130500DF1FAE /* ItemSelect+Extension.swift */; };
		E36BFC3828CB2AEE0044F392 /* AppDelegate.swift in Sources */ = {isa = PBXBuildFile; fileRef = E36BFC3728CB2AEE0044F392 /* AppDelegate.swift */; };
		E36BFC3A28CB2AEE0044F392 /* SceneDelegate.swift in Sources */ = {isa = PBXBuildFile; fileRef = E36BFC3928CB2AEE0044F392 /* SceneDelegate.swift */; };
		E36BFC3C28CB2AEE0044F392 /* ViewController.swift in Sources */ = {isa = PBXBuildFile; fileRef = E36BFC3B28CB2AEE0044F392 /* ViewController.swift */; };
		E36BFC3F28CB2AEE0044F392 /* Main.storyboard in Resources */ = {isa = PBXBuildFile; fileRef = E36BFC3D28CB2AEE0044F392 /* Main.storyboard */; };
		E36BFC4128CB2AF30044F392 /* Assets.xcassets in Resources */ = {isa = PBXBuildFile; fileRef = E36BFC4028CB2AF30044F392 /* Assets.xcassets */; };
		E36BFC4428CB2AF30044F392 /* LaunchScreen.storyboard in Resources */ = {isa = PBXBuildFile; fileRef = E36BFC4228CB2AF30044F392 /* LaunchScreen.storyboard */; };
		E36BFC4E28CB460F0044F392 /* ItemSelectVC.swift in Sources */ = {isa = PBXBuildFile; fileRef = E36BFC4D28CB460F0044F392 /* ItemSelectVC.swift */; };
		E36BFC5028CB52A40044F392 /* TableViewCell.swift in Sources */ = {isa = PBXBuildFile; fileRef = E36BFC4F28CB52A40044F392 /* TableViewCell.swift */; };
		E36BFC5228CB5B9A0044F392 /* Models.swift in Sources */ = {isa = PBXBuildFile; fileRef = E36BFC5128CB5B9A0044F392 /* Models.swift */; };
		E39396DF28D0F79D00822EE7 /* BasketTableViewCell.swift in Sources */ = {isa = PBXBuildFile; fileRef = E39396DE28D0F79D00822EE7 /* BasketTableViewCell.swift */; };
/* End PBXBuildFile section */

/* Begin PBXFileReference section */
		E30B128928D087A300788DDB /* BasketViewController.swift */ = {isa = PBXFileReference; lastKnownFileType = sourcecode.swift; path = BasketViewController.swift; sourceTree = "<group>"; };
		E30B71E328D5E72100D2790D /* PayedOrNotVC.swift */ = {isa = PBXFileReference; lastKnownFileType = sourcecode.swift; path = PayedOrNotVC.swift; sourceTree = "<group>"; };
		E363B38028CE4413004EEEF7 /* NetworkService.swift */ = {isa = PBXFileReference; lastKnownFileType = sourcecode.swift; path = NetworkService.swift; sourceTree = "<group>"; };
		E366CAC228CF130500DF1FAE /* ItemSelect+Extension.swift */ = {isa = PBXFileReference; lastKnownFileType = sourcecode.swift; path = "ItemSelect+Extension.swift"; sourceTree = "<group>"; };
		E36BFC3428CB2AEE0044F392 /* final project.app */ = {isa = PBXFileReference; explicitFileType = wrapper.application; includeInIndex = 0; path = "final project.app"; sourceTree = BUILT_PRODUCTS_DIR; };
		E36BFC3728CB2AEE0044F392 /* AppDelegate.swift */ = {isa = PBXFileReference; lastKnownFileType = sourcecode.swift; path = AppDelegate.swift; sourceTree = "<group>"; };
		E36BFC3928CB2AEE0044F392 /* SceneDelegate.swift */ = {isa = PBXFileReference; lastKnownFileType = sourcecode.swift; path = SceneDelegate.swift; sourceTree = "<group>"; };
		E36BFC3B28CB2AEE0044F392 /* ViewController.swift */ = {isa = PBXFileReference; lastKnownFileType = sourcecode.swift; path = ViewController.swift; sourceTree = "<group>"; };
		E36BFC3E28CB2AEE0044F392 /* Base */ = {isa = PBXFileReference; lastKnownFileType = file.storyboard; name = Base; path = Base.lproj/Main.storyboard; sourceTree = "<group>"; };
		E36BFC4028CB2AF30044F392 /* Assets.xcassets */ = {isa = PBXFileReference; lastKnownFileType = folder.assetcatalog; path = Assets.xcassets; sourceTree = "<group>"; };
		E36BFC4328CB2AF30044F392 /* Base */ = {isa = PBXFileReference; lastKnownFileType = file.storyboard; name = Base; path = Base.lproj/LaunchScreen.storyboard; sourceTree = "<group>"; };
		E36BFC4528CB2AF30044F392 /* Info.plist */ = {isa = PBXFileReference; lastKnownFileType = text.plist.xml; path = Info.plist; sourceTree = "<group>"; };
		E36BFC4D28CB460F0044F392 /* ItemSelectVC.swift */ = {isa = PBXFileReference; lastKnownFileType = sourcecode.swift; path = ItemSelectVC.swift; sourceTree = "<group>"; };
		E36BFC4F28CB52A40044F392 /* TableViewCell.swift */ = {isa = PBXFileReference; lastKnownFileType = sourcecode.swift; path = TableViewCell.swift; sourceTree = "<group>"; };
		E36BFC5128CB5B9A0044F392 /* Models.swift */ = {isa = PBXFileReference; lastKnownFileType = sourcecode.swift; path = Models.swift; sourceTree = "<group>"; };
		E39396DE28D0F79D00822EE7 /* BasketTableViewCell.swift */ = {isa = PBXFileReference; lastKnownFileType = sourcecode.swift; path = BasketTableViewCell.swift; sourceTree = "<group>"; };
/* End PBXFileReference section */

/* Begin PBXFrameworksBuildPhase section */
		E36BFC3128CB2AEE0044F392 /* Frameworks */ = {
			isa = PBXFrameworksBuildPhase;
			buildActionMask = 2147483647;
			files = (
			);
			runOnlyForDeploymentPostprocessing = 0;
		};
/* End PBXFrameworksBuildPhase section */

/* Begin PBXGroup section */
		E36BFC2B28CB2AEE0044F392 = {
			isa = PBXGroup;
			children = (
				E36BFC3628CB2AEE0044F392 /* final project */,
				E36BFC3528CB2AEE0044F392 /* Products */,
			);
			sourceTree = "<group>";
		};
		E36BFC3528CB2AEE0044F392 /* Products */ = {
			isa = PBXGroup;
			children = (
				E36BFC3428CB2AEE0044F392 /* final project.app */,
			);
			name = Products;
			sourceTree = "<group>";
		};
		E36BFC3628CB2AEE0044F392 /* final project */ = {
			isa = PBXGroup;
			children = (
				E36BFC3728CB2AEE0044F392 /* AppDelegate.swift */,
				E36BFC3928CB2AEE0044F392 /* SceneDelegate.swift */,
				E36BFC3B28CB2AEE0044F392 /* ViewController.swift */,
				E36BFC4D28CB460F0044F392 /* ItemSelectVC.swift */,
				E366CAC228CF130500DF1FAE /* ItemSelect+Extension.swift */,
				E36BFC4F28CB52A40044F392 /* TableViewCell.swift */,
				E30B128928D087A300788DDB /* BasketViewController.swift */,
				E39396DE28D0F79D00822EE7 /* BasketTableViewCell.swift */,
				E30B71E328D5E72100D2790D /* PayedOrNotVC.swift */,
				E363B38028CE4413004EEEF7 /* NetworkService.swift */,
				E36BFC5128CB5B9A0044F392 /* Models.swift */,
				E36BFC3D28CB2AEE0044F392 /* Main.storyboard */,
				E36BFC4028CB2AF30044F392 /* Assets.xcassets */,
				E36BFC4228CB2AF30044F392 /* LaunchScreen.storyboard */,
				E36BFC4528CB2AF30044F392 /* Info.plist */,
			);
			path = "final project";
			sourceTree = "<group>";
		};
/* End PBXGroup section */

/* Begin PBXNativeTarget section */
		E36BFC3328CB2AEE0044F392 /* final project */ = {
			isa = PBXNativeTarget;
			buildConfigurationList = E36BFC4828CB2AF30044F392 /* Build configuration list for PBXNativeTarget "final project" */;
			buildPhases = (
				E36BFC3028CB2AEE0044F392 /* Sources */,
				E36BFC3128CB2AEE0044F392 /* Frameworks */,
				E36BFC3228CB2AEE0044F392 /* Resources */,
			);
			buildRules = (
			);
			dependencies = (
			);
			name = "final project";
			productName = "final project";
			productReference = E36BFC3428CB2AEE0044F392 /* final project.app */;
			productType = "com.apple.product-type.application";
		};
/* End PBXNativeTarget section */

/* Begin PBXProject section */
		E36BFC2C28CB2AEE0044F392 /* Project object */ = {
			isa = PBXProject;
			attributes = {
				BuildIndependentTargetsInParallel = 1;
				LastSwiftUpdateCheck = 1340;
				LastUpgradeCheck = 1340;
				TargetAttributes = {
					E36BFC3328CB2AEE0044F392 = {
						CreatedOnToolsVersion = 13.4.1;
					};
				};
			};
			buildConfigurationList = E36BFC2F28CB2AEE0044F392 /* Build configuration list for PBXProject "final project" */;
			compatibilityVersion = "Xcode 13.0";
			developmentRegion = en;
			hasScannedForEncodings = 0;
			knownRegions = (
				en,
				Base,
			);
			mainGroup = E36BFC2B28CB2AEE0044F392;
			productRefGroup = E36BFC3528CB2AEE0044F392 /* Products */;
			projectDirPath = "";
			projectRoot = "";
			targets = (
				E36BFC3328CB2AEE0044F392 /* final project */,
			);
		};
/* End PBXProject section */

/* Begin PBXResourcesBuildPhase section */
		E36BFC3228CB2AEE0044F392 /* Resources */ = {
			isa = PBXResourcesBuildPhase;
			buildActionMask = 2147483647;
			files = (
				E36BFC4428CB2AF30044F392 /* LaunchScreen.storyboard in Resources */,
				E36BFC4128CB2AF30044F392 /* Assets.xcassets in Resources */,
				E36BFC3F28CB2AEE0044F392 /* Main.storyboard in Resources */,
			);
			runOnlyForDeploymentPostprocessing = 0;
		};
/* End PBXResourcesBuildPhase section */

/* Begin PBXSourcesBuildPhase section */
		E36BFC3028CB2AEE0044F392 /* Sources */ = {
			isa = PBXSourcesBuildPhase;
			buildActionMask = 2147483647;
			files = (
				E30B128A28D087A300788DDB /* BasketViewController.swift in Sources */,
				E366CAC328CF130500DF1FAE /* ItemSelect+Extension.swift in Sources */,
				E36BFC5028CB52A40044F392 /* TableViewCell.swift in Sources */,
				E39396DF28D0F79D00822EE7 /* BasketTableViewCell.swift in Sources */,
				E36BFC3C28CB2AEE0044F392 /* ViewController.swift in Sources */,
				E36BFC4E28CB460F0044F392 /* ItemSelectVC.swift in Sources */,
				E30B71E428D5E72100D2790D /* PayedOrNotVC.swift in Sources */,
				E36BFC5228CB5B9A0044F392 /* Models.swift in Sources */,
				E36BFC3828CB2AEE0044F392 /* AppDelegate.swift in Sources */,
				E36BFC3A28CB2AEE0044F392 /* SceneDelegate.swift in Sources */,
				E363B38128CE4413004EEEF7 /* NetworkService.swift in Sources */,
			);
			runOnlyForDeploymentPostprocessing = 0;
		};
/* End PBXSourcesBuildPhase section */

/* Begin PBXVariantGroup section */
		E36BFC3D28CB2AEE0044F392 /* Main.storyboard */ = {
			isa = PBXVariantGroup;
			children = (
				E36BFC3E28CB2AEE0044F392 /* Base */,
			);
			name = Main.storyboard;
			sourceTree = "<group>";
		};
		E36BFC4228CB2AF30044F392 /* LaunchScreen.storyboard */ = {
			isa = PBXVariantGroup;
			children = (
				E36BFC4328CB2AF30044F392 /* Base */,
			);
			name = LaunchScreen.storyboard;
			sourceTree = "<group>";
		};
/* End PBXVariantGroup section */

/* Begin XCBuildConfiguration section */
		E36BFC4628CB2AF30044F392 /* Debug */ = {
			isa = XCBuildConfiguration;
			buildSettings = {
				ALWAYS_SEARCH_USER_PATHS = NO;
				CLANG_ANALYZER_NONNULL = YES;
				CLANG_ANALYZER_NUMBER_OBJECT_CONVERSION = YES_AGGRESSIVE;
				CLANG_CXX_LANGUAGE_STANDARD = "gnu++17";
				CLANG_ENABLE_MODULES = YES;
				CLANG_ENABLE_OBJC_ARC = YES;
				CLANG_ENABLE_OBJC_WEAK = YES;
				CLANG_WARN_BLOCK_CAPTURE_AUTORELEASING = YES;
				CLANG_WARN_BOOL_CONVERSION = YES;
				CLANG_WARN_COMMA = YES;
				CLANG_WARN_CONSTANT_CONVERSION = YES;
				CLANG_WARN_DEPRECATED_OBJC_IMPLEMENTATIONS = YES;
				CLANG_WARN_DIRECT_OBJC_ISA_USAGE = YES_ERROR;
				CLANG_WARN_DOCUMENTATION_COMMENTS = YES;
				CLANG_WARN_EMPTY_BODY = YES;
				CLANG_WARN_ENUM_CONVERSION = YES;
				CLANG_WARN_INFINITE_RECURSION = YES;
				CLANG_WARN_INT_CONVERSION = YES;
				CLANG_WARN_NON_LITERAL_NULL_CONVERSION = YES;
				CLANG_WARN_OBJC_IMPLICIT_RETAIN_SELF = YES;
				CLANG_WARN_OBJC_LITERAL_CONVERSION = YES;
				CLANG_WARN_OBJC_ROOT_CLASS = YES_ERROR;
				CLANG_WARN_QUOTED_INCLUDE_IN_FRAMEWORK_HEADER = YES;
				CLANG_WARN_RANGE_LOOP_ANALYSIS = YES;
				CLANG_WARN_STRICT_PROTOTYPES = YES;
				CLANG_WARN_SUSPICIOUS_MOVE = YES;
				CLANG_WARN_UNGUARDED_AVAILABILITY = YES_AGGRESSIVE;
				CLANG_WARN_UNREACHABLE_CODE = YES;
				CLANG_WARN__DUPLICATE_METHOD_MATCH = YES;
				COPY_PHASE_STRIP = NO;
				DEBUG_INFORMATION_FORMAT = dwarf;
				ENABLE_STRICT_OBJC_MSGSEND = YES;
				ENABLE_TESTABILITY = YES;
				GCC_C_LANGUAGE_STANDARD = gnu11;
				GCC_DYNAMIC_NO_PIC = NO;
				GCC_NO_COMMON_BLOCKS = YES;
				GCC_OPTIMIZATION_LEVEL = 0;
				GCC_PREPROCESSOR_DEFINITIONS = (
					"DEBUG=1",
					"$(inherited)",
				);
				GCC_WARN_64_TO_32_BIT_CONVERSION = YES;
				GCC_WARN_ABOUT_RETURN_TYPE = YES_ERROR;
				GCC_WARN_UNDECLARED_SELECTOR = YES;
				GCC_WARN_UNINITIALIZED_AUTOS = YES_AGGRESSIVE;
				GCC_WARN_UNUSED_FUNCTION = YES;
				GCC_WARN_UNUSED_VARIABLE = YES;
				IPHONEOS_DEPLOYMENT_TARGET = 15.5;
				MTL_ENABLE_DEBUG_INFO = INCLUDE_SOURCE;
				MTL_FAST_MATH = YES;
				ONLY_ACTIVE_ARCH = YES;
				SDKROOT = iphoneos;
				SWIFT_ACTIVE_COMPILATION_CONDITIONS = DEBUG;
				SWIFT_OPTIMIZATION_LEVEL = "-Onone";
			};
			name = Debug;
		};
		E36BFC4728CB2AF30044F392 /* Release */ = {
			isa = XCBuildConfiguration;
			buildSettings = {
				ALWAYS_SEARCH_USER_PATHS = NO;
				CLANG_ANALYZER_NONNULL = YES;
				CLANG_ANALYZER_NUMBER_OBJECT_CONVERSION = YES_AGGRESSIVE;
				CLANG_CXX_LANGUAGE_STANDARD = "gnu++17";
				CLANG_ENABLE_MODULES = YES;
				CLANG_ENABLE_OBJC_ARC = YES;
				CLANG_ENABLE_OBJC_WEAK = YES;
				CLANG_WARN_BLOCK_CAPTURE_AUTORELEASING = YES;
				CLANG_WARN_BOOL_CONVERSION = YES;
				CLANG_WARN_COMMA = YES;
				CLANG_WARN_CONSTANT_CONVERSION = YES;
				CLANG_WARN_DEPRECATED_OBJC_IMPLEMENTATIONS = YES;
				CLANG_WARN_DIRECT_OBJC_ISA_USAGE = YES_ERROR;
				CLANG_WARN_DOCUMENTATION_COMMENTS = YES;
				CLANG_WARN_EMPTY_BODY = YES;
				CLANG_WARN_ENUM_CONVERSION = YES;
				CLANG_WARN_INFINITE_RECURSION = YES;
				CLANG_WARN_INT_CONVERSION = YES;
				CLANG_WARN_NON_LITERAL_NULL_CONVERSION = YES;
				CLANG_WARN_OBJC_IMPLICIT_RETAIN_SELF = YES;
				CLANG_WARN_OBJC_LITERAL_CONVERSION = YES;
				CLANG_WARN_OBJC_ROOT_CLASS = YES_ERROR;
				CLANG_WARN_QUOTED_INCLUDE_IN_FRAMEWORK_HEADER = YES;
				CLANG_WARN_RANGE_LOOP_ANALYSIS = YES;
				CLANG_WARN_STRICT_PROTOTYPES = YES;
				CLANG_WARN_SUSPICIOUS_MOVE = YES;
				CLANG_WARN_UNGUARDED_AVAILABILITY = YES_AGGRESSIVE;
				CLANG_WARN_UNREACHABLE_CODE = YES;
				CLANG_WARN__DUPLICATE_METHOD_MATCH = YES;
				COPY_PHASE_STRIP = NO;
				DEBUG_INFORMATION_FORMAT = "dwarf-with-dsym";
				ENABLE_NS_ASSERTIONS = NO;
				ENABLE_STRICT_OBJC_MSGSEND = YES;
				GCC_C_LANGUAGE_STANDARD = gnu11;
				GCC_NO_COMMON_BLOCKS = YES;
				GCC_WARN_64_TO_32_BIT_CONVERSION = YES;
				GCC_WARN_ABOUT_RETURN_TYPE = YES_ERROR;
				GCC_WARN_UNDECLARED_SELECTOR = YES;
				GCC_WARN_UNINITIALIZED_AUTOS = YES_AGGRESSIVE;
				GCC_WARN_UNUSED_FUNCTION = YES;
				GCC_WARN_UNUSED_VARIABLE = YES;
				IPHONEOS_DEPLOYMENT_TARGET = 15.5;
				MTL_ENABLE_DEBUG_INFO = NO;
				MTL_FAST_MATH = YES;
				SDKROOT = iphoneos;
				SWIFT_COMPILATION_MODE = wholemodule;
				SWIFT_OPTIMIZATION_LEVEL = "-O";
				VALIDATE_PRODUCT = YES;
			};
			name = Release;
		};
		E36BFC4928CB2AF30044F392 /* Debug */ = {
			isa = XCBuildConfiguration;
			buildSettings = {
				ASSETCATALOG_COMPILER_APPICON_NAME = AppIcon;
				ASSETCATALOG_COMPILER_GLOBAL_ACCENT_COLOR_NAME = AccentColor;
				CODE_SIGN_STYLE = Automatic;
				CURRENT_PROJECT_VERSION = 1;
				GENERATE_INFOPLIST_FILE = YES;
				INFOPLIST_FILE = "final project/Info.plist";
				INFOPLIST_KEY_UIApplicationSupportsIndirectInputEvents = YES;
				INFOPLIST_KEY_UILaunchStoryboardName = LaunchScreen;
				INFOPLIST_KEY_UIMainStoryboardFile = Main;
				INFOPLIST_KEY_UISupportedInterfaceOrientations_iPad = "UIInterfaceOrientationPortrait UIInterfaceOrientationPortraitUpsideDown UIInterfaceOrientationLandscapeLeft UIInterfaceOrientationLandscapeRight";
				INFOPLIST_KEY_UISupportedInterfaceOrientations_iPhone = "UIInterfaceOrientationPortrait UIInterfaceOrientationLandscapeLeft UIInterfaceOrientationLandscapeRight";
				LD_RUNPATH_SEARCH_PATHS = (
					"$(inherited)",
					"@executable_path/Frameworks",
				);
				MARKETING_VERSION = 1.0;
				PRODUCT_BUNDLE_IDENTIFIER = "com.SmartAcademy.final-project";
				PRODUCT_NAME = "$(TARGET_NAME)";
				SWIFT_EMIT_LOC_STRINGS = YES;
				SWIFT_VERSION = 5.0;
				TARGETED_DEVICE_FAMILY = "1,2";
			};
			name = Debug;
		};
		E36BFC4A28CB2AF30044F392 /* Release */ = {
			isa = XCBuildConfiguration;
			buildSettings = {
				ASSETCATALOG_COMPILER_APPICON_NAME = AppIcon;
				ASSETCATALOG_COMPILER_GLOBAL_ACCENT_COLOR_NAME = AccentColor;
				CODE_SIGN_STYLE = Automatic;
				CURRENT_PROJECT_VERSION = 1;
				GENERATE_INFOPLIST_FILE = YES;
				INFOPLIST_FILE = "final project/Info.plist";
				INFOPLIST_KEY_UIApplicationSupportsIndirectInputEvents = YES;
				INFOPLIST_KEY_UILaunchStoryboardName = LaunchScreen;
				INFOPLIST_KEY_UIMainStoryboardFile = Main;
				INFOPLIST_KEY_UISupportedInterfaceOrientations_iPad = "UIInterfaceOrientationPortrait UIInterfaceOrientationPortraitUpsideDown UIInterfaceOrientationLandscapeLeft UIInterfaceOrientationLandscapeRight";
				INFOPLIST_KEY_UISupportedInterfaceOrientations_iPhone = "UIInterfaceOrientationPortrait UIInterfaceOrientationLandscapeLeft UIInterfaceOrientationLandscapeRight";
				LD_RUNPATH_SEARCH_PATHS = (
					"$(inherited)",
					"@executable_path/Frameworks",
				);
				MARKETING_VERSION = 1.0;
				PRODUCT_BUNDLE_IDENTIFIER = "com.SmartAcademy.final-project";
				PRODUCT_NAME = "$(TARGET_NAME)";
				SWIFT_EMIT_LOC_STRINGS = YES;
				SWIFT_VERSION = 5.0;
				TARGETED_DEVICE_FAMILY = "1,2";
			};
			name = Release;
		};
/* End XCBuildConfiguration section */

/* Begin XCConfigurationList section */
		E36BFC2F28CB2AEE0044F392 /* Build configuration list for PBXProject "final project" */ = {
			isa = XCConfigurationList;
			buildConfigurations = (
				E36BFC4628CB2AF30044F392 /* Debug */,
				E36BFC4728CB2AF30044F392 /* Release */,
			);
			defaultConfigurationIsVisible = 0;
			defaultConfigurationName = Release;
		};
		E36BFC4828CB2AF30044F392 /* Build configuration list for PBXNativeTarget "final project" */ = {
			isa = XCConfigurationList;
			buildConfigurations = (
				E36BFC4928CB2AF30044F392 /* Debug */,
				E36BFC4A28CB2AF30044F392 /* Release */,
			);
			defaultConfigurationIsVisible = 0;
			defaultConfigurationName = Release;
		};
/* End XCConfigurationList section */
	};
	rootObject = E36BFC2C28CB2AEE0044F392 /* Project object */;
}
